
Microsoft Visual Studio Solution File, Format Version 12.00
# Visual Studio Version 16
VisualStudioVersion = 16.0.30503.244
MinimumVisualStudioVersion = 10.0.40219.1
Project("{FAE04EC0-301F-11D3-BF4B-00C04F79EFBC}") = "Task_2", "Task_2\Task_2.csproj", "{F552188D-AD71-4E89-93F1-2824A72D213E}"
EndProject
Global
	GlobalSection(SolutionConfigurationPlatforms) = preSolution
		Debug|Any CPU = Debug|Any CPU
		Release|Any CPU = Release|Any CPU
	EndGlobalSection
	GlobalSection(ProjectConfigurationPlatforms) = postSolution
		{F552188D-AD71-4E89-93F1-2824A72D213E}.Debug|Any CPU.ActiveCfg = Debug|Any CPU
		{F552188D-AD71-4E89-93F1-2824A72D213E}.Debug|Any CPU.Build.0 = Debug|Any CPU
		{F552188D-AD71-4E89-93F1-2824A72D213E}.Release|Any CPU.ActiveCfg = Release|Any CPU
		{F552188D-AD71-4E89-93F1-2824A72D213E}.Release|Any CPU.Build.0 = Release|Any CPU
	EndGlobalSection
	GlobalSection(SolutionProperties) = preSolution
		HideSolutionNode = FALSE
	EndGlobalSection
	GlobalSection(ExtensibilityGlobals) = postSolution
		SolutionGuid = {68109A55-14FF-4985-9DF1-61C88A995E4E}
	EndGlobalSection
EndGlobal
